
Microsoft Visual Studio Solution File, Format Version 12.00
# Visual Studio Version 16
VisualStudioVersion = 16.0.31129.286
MinimumVisualStudioVersion = 10.0.40219.1
Project("{2150E333-8FDC-42A3-9474-1A3956D46DE8}") = "Application", "Application", "{B1791F96-6D92-4958-BB63-8423A7B53AC4}"
EndProject
Project("{2150E333-8FDC-42A3-9474-1A3956D46DE8}") = "Domain", "Domain", "{755B8FEF-471F-4585-9664-F29543444878}"
EndProject
Project("{2150E333-8FDC-42A3-9474-1A3956D46DE8}") = "Infra.IoC", "Infra.IoC", "{A5AF2DCC-D0EC-4A10-BAE5-94D4AA248898}"
EndProject
Project("{2150E333-8FDC-42A3-9474-1A3956D46DE8}") = "Infra.Data", "Infra.Data", "{BECB72B8-31C5-4287-9030-E617073AB004}"
EndProject
Project("{2150E333-8FDC-42A3-9474-1A3956D46DE8}") = "Presentation", "Presentation", "{CD571764-106D-4168-A267-CD76E3FEB8D6}"
EndProject
Project("{9A19103F-16F7-4668-BE54-9A1E7A4F7556}") = "CleanArch.Mvc", "CleanArch.Mvc\CleanArch.Mvc.csproj", "{7EA8A18A-8728-4344-84A0-6FF4640BF991}"
EndProject
Project("{FAE04EC0-301F-11D3-BF4B-00C04F79EFBC}") = "CleanArch.Domain", "CleanArch.Domain\CleanArch.Domain.csproj", "{29C220A2-944B-4692-8836-6E385428C501}"
EndProject
Project("{FAE04EC0-301F-11D3-BF4B-00C04F79EFBC}") = "CleanArch.Infra.Data", "CleanArch.Infra.Data\CleanArch.Infra.Data.csproj", "{B6B7D7E4-6A41-45D1-90E9-D4D08974137A}"
EndProject
Project("{FAE04EC0-301F-11D3-BF4B-00C04F79EFBC}") = "CleanArch.Application", "CleanArch.Application\CleanArch.Application.csproj", "{F3054E9F-528E-42AD-A026-EBAAC978F227}"
EndProject
Project("{FAE04EC0-301F-11D3-BF4B-00C04F79EFBC}") = "CleanArch.Infra.IoC", "CleanArch.Infra.IoC\CleanArch.Infra.IoC.csproj", "{904B5E47-9370-4448-AC69-0FFE05700E02}"
EndProject
Global
	GlobalSection(SolutionConfigurationPlatforms) = preSolution
		Debug|Any CPU = Debug|Any CPU
		Release|Any CPU = Release|Any CPU
	EndGlobalSection
	GlobalSection(ProjectConfigurationPlatforms) = postSolution
		{7EA8A18A-8728-4344-84A0-6FF4640BF991}.Debug|Any CPU.ActiveCfg = Debug|Any CPU
		{7EA8A18A-8728-4344-84A0-6FF4640BF991}.Debug|Any CPU.Build.0 = Debug|Any CPU
		{7EA8A18A-8728-4344-84A0-6FF4640BF991}.Release|Any CPU.ActiveCfg = Release|Any CPU
		{7EA8A18A-8728-4344-84A0-6FF4640BF991}.Release|Any CPU.Build.0 = Release|Any CPU
		{29C220A2-944B-4692-8836-6E385428C501}.Debug|Any CPU.ActiveCfg = Debug|Any CPU
		{29C220A2-944B-4692-8836-6E385428C501}.Debug|Any CPU.Build.0 = Debug|Any CPU
		{29C220A2-944B-4692-8836-6E385428C501}.Release|Any CPU.ActiveCfg = Release|Any CPU
		{29C220A2-944B-4692-8836-6E385428C501}.Release|Any CPU.Build.0 = Release|Any CPU
		{B6B7D7E4-6A41-45D1-90E9-D4D08974137A}.Debug|Any CPU.ActiveCfg = Debug|Any CPU
		{B6B7D7E4-6A41-45D1-90E9-D4D08974137A}.Debug|Any CPU.Build.0 = Debug|Any CPU
		{B6B7D7E4-6A41-45D1-90E9-D4D08974137A}.Release|Any CPU.ActiveCfg = Release|Any CPU
		{B6B7D7E4-6A41-45D1-90E9-D4D08974137A}.Release|Any CPU.Build.0 = Release|Any CPU
		{F3054E9F-528E-42AD-A026-EBAAC978F227}.Debug|Any CPU.ActiveCfg = Debug|Any CPU
		{F3054E9F-528E-42AD-A026-EBAAC978F227}.Debug|Any CPU.Build.0 = Debug|Any CPU
		{F3054E9F-528E-42AD-A026-EBAAC978F227}.Release|Any CPU.ActiveCfg = Release|Any CPU
		{F3054E9F-528E-42AD-A026-EBAAC978F227}.Release|Any CPU.Build.0 = Release|Any CPU
		{904B5E47-9370-4448-AC69-0FFE05700E02}.Debug|Any CPU.ActiveCfg = Debug|Any CPU
		{904B5E47-9370-4448-AC69-0FFE05700E02}.Debug|Any CPU.Build.0 = Debug|Any CPU
		{904B5E47-9370-4448-AC69-0FFE05700E02}.Release|Any CPU.ActiveCfg = Release|Any CPU
		{904B5E47-9370-4448-AC69-0FFE05700E02}.Release|Any CPU.Build.0 = Release|Any CPU
	EndGlobalSection
	GlobalSection(SolutionProperties) = preSolution
		HideSolutionNode = FALSE
	EndGlobalSection
	GlobalSection(NestedProjects) = preSolution
		{7EA8A18A-8728-4344-84A0-6FF4640BF991} = {CD571764-106D-4168-A267-CD76E3FEB8D6}
		{29C220A2-944B-4692-8836-6E385428C501} = {755B8FEF-471F-4585-9664-F29543444878}
		{B6B7D7E4-6A41-45D1-90E9-D4D08974137A} = {BECB72B8-31C5-4287-9030-E617073AB004}
		{F3054E9F-528E-42AD-A026-EBAAC978F227} = {B1791F96-6D92-4958-BB63-8423A7B53AC4}
		{904B5E47-9370-4448-AC69-0FFE05700E02} = {A5AF2DCC-D0EC-4A10-BAE5-94D4AA248898}
	EndGlobalSection
	GlobalSection(ExtensibilityGlobals) = postSolution
		SolutionGuid = {6600178A-6167-4DC4-B4D3-39136037F8BA}
	EndGlobalSection
EndGlobal
